
Microsoft Visual Studio Solution File, Format Version 12.00
# Visual Studio 15
VisualStudioVersion = 15.0.27130.2010
MinimumVisualStudioVersion = 10.0.40219.1
Project("{FAE04EC0-301F-11D3-BF4B-00C04F79EFBC}") = "428-assignment2", "428-assignment2\428-assignment2.csproj", "{C5EAA9F2-7EEA-4F0B-8F75-FA6B72DCF905}"
EndProject
Project("{FAE04EC0-301F-11D3-BF4B-00C04F79EFBC}") = "428-assignment2-tests", "428-assignment2-tests\428-assignment2-tests.csproj", "{31ABE70B-5FF0-4CFC-95EC-82C998BF3514}"
EndProject
Global
	GlobalSection(SolutionConfigurationPlatforms) = preSolution
		Debug|Any CPU = Debug|Any CPU
		Release|Any CPU = Release|Any CPU
	EndGlobalSection
	GlobalSection(ProjectConfigurationPlatforms) = postSolution
		{C5EAA9F2-7EEA-4F0B-8F75-FA6B72DCF905}.Debug|Any CPU.ActiveCfg = Debug|Any CPU
		{C5EAA9F2-7EEA-4F0B-8F75-FA6B72DCF905}.Debug|Any CPU.Build.0 = Debug|Any CPU
		{C5EAA9F2-7EEA-4F0B-8F75-FA6B72DCF905}.Release|Any CPU.ActiveCfg = Release|Any CPU
		{C5EAA9F2-7EEA-4F0B-8F75-FA6B72DCF905}.Release|Any CPU.Build.0 = Release|Any CPU
		{31ABE70B-5FF0-4CFC-95EC-82C998BF3514}.Debug|Any CPU.ActiveCfg = Debug|Any CPU
		{31ABE70B-5FF0-4CFC-95EC-82C998BF3514}.Debug|Any CPU.Build.0 = Debug|Any CPU
		{31ABE70B-5FF0-4CFC-95EC-82C998BF3514}.Release|Any CPU.ActiveCfg = Release|Any CPU
		{31ABE70B-5FF0-4CFC-95EC-82C998BF3514}.Release|Any CPU.Build.0 = Release|Any CPU
	EndGlobalSection
	GlobalSection(SolutionProperties) = preSolution
		HideSolutionNode = FALSE
	EndGlobalSection
	GlobalSection(ExtensibilityGlobals) = postSolution
		SolutionGuid = {EBDF0E34-A77E-4F75-A1DE-53FC1E637620}
	EndGlobalSection
EndGlobal
